{
  "object": {
    "pins": [
      {
        "package": "Structure",
        "repositoryURL": "https://github.com/bwetherfield/Structure",
        "state": {
          "branch": "minimal-break",
          "revision": "3be257f7d5621089a5647453b176bef1560214ad",
          "version": null
        }
      }
    ]
  },
  "version": 1
}
