{
  "object": {
    "pins": [
      {
        "package": "Structure",
        "repositoryURL": "https://github.com/bwetherfield/Structure",
        "state": {
          "branch": "minimal-break",
          "revision": "66821f320f90be5ae5b6a1e91b0abfe484bab3bc",
          "version": null
        }
      }
    ]
  },
  "version": 1
}
