{
  "object": {
    "pins": [
      {
        "package": "Structure",
        "repositoryURL": "https://github.com/bwetherfield/Structure",
        "state": {
          "branch": "minimal-break",
          "revision": "56668027556d0011387dd4be8ba2c8924bd71fbf",
          "version": null
        }
      }
    ]
  },
  "version": 1
}
